
Microsoft Visual Studio Solution File, Format Version 12.00
# Visual Studio 15
VisualStudioVersion = 15.0.26730.12
MinimumVisualStudioVersion = 10.0.40219.1
Project("{8BC9CEB8-8B4A-11D0-8D11-00A0C91BC942}") = "ch2", "ch2\ch2.vcxproj", "{2392C304-BE62-4C4A-A291-1245E5F6FB63}"
EndProject
Project("{8BC9CEB8-8B4A-11D0-8D11-00A0C91BC942}") = "ch3", "ch3\ch3.vcxproj", "{19C97FE8-BEA5-43BA-B27A-E0D46EDFC3E4}"
EndProject
Project("{8BC9CEB8-8B4A-11D0-8D11-00A0C91BC942}") = "ch4", "ch4\ch4.vcxproj", "{1868C89A-599E-4B2D-B237-FAB0CDF03884}"
EndProject
Project("{8BC9CEB8-8B4A-11D0-8D11-00A0C91BC942}") = "ch5", "ch5\ch5.vcxproj", "{5C040A63-01D1-404E-AD52-5737ECCF458C}"
EndProject
Project("{8BC9CEB8-8B4A-11D0-8D11-00A0C91BC942}") = "ch1", "ch1\ch1.vcxproj", "{FF650E9B-3F52-4D69-8A1D-7355633FDBE4}"
EndProject
Project("{8BC9CEB8-8B4A-11D0-8D11-00A0C91BC942}") = "ch6", "ch6\ch6.vcxproj", "{C8F12BDE-BCD0-4901-A710-20B96E0F45B2}"
EndProject
Project("{8BC9CEB8-8B4A-11D0-8D11-00A0C91BC942}") = "ch7", "ch7\ch7.vcxproj", "{CC8BBF06-9647-46AD-B15A-93425E5CE5ED}"
EndProject
Project("{8BC9CEB8-8B4A-11D0-8D11-00A0C91BC942}") = "ch8", "ch8\ch8.vcxproj", "{8181927B-913E-4660-B393-3A3C80772761}"
EndProject
Project("{8BC9CEB8-8B4A-11D0-8D11-00A0C91BC942}") = "ch9", "ch9\ch9.vcxproj", "{8ED1A076-0139-4E27-AD59-E53B8D5D924C}"
EndProject
Global
	GlobalSection(SolutionConfigurationPlatforms) = preSolution
		Debug|x64 = Debug|x64
		Debug|x86 = Debug|x86
		Release|x64 = Release|x64
		Release|x86 = Release|x86
	EndGlobalSection
	GlobalSection(ProjectConfigurationPlatforms) = postSolution
		{2392C304-BE62-4C4A-A291-1245E5F6FB63}.Debug|x64.ActiveCfg = Debug|x64
		{2392C304-BE62-4C4A-A291-1245E5F6FB63}.Debug|x64.Build.0 = Debug|x64
		{2392C304-BE62-4C4A-A291-1245E5F6FB63}.Debug|x86.ActiveCfg = Debug|x64
		{2392C304-BE62-4C4A-A291-1245E5F6FB63}.Debug|x86.Build.0 = Debug|x64
		{2392C304-BE62-4C4A-A291-1245E5F6FB63}.Release|x64.ActiveCfg = Release|x64
		{2392C304-BE62-4C4A-A291-1245E5F6FB63}.Release|x64.Build.0 = Release|x64
		{2392C304-BE62-4C4A-A291-1245E5F6FB63}.Release|x86.ActiveCfg = Release|Win32
		{2392C304-BE62-4C4A-A291-1245E5F6FB63}.Release|x86.Build.0 = Release|Win32
		{19C97FE8-BEA5-43BA-B27A-E0D46EDFC3E4}.Debug|x64.ActiveCfg = Debug|x64
		{19C97FE8-BEA5-43BA-B27A-E0D46EDFC3E4}.Debug|x64.Build.0 = Debug|x64
		{19C97FE8-BEA5-43BA-B27A-E0D46EDFC3E4}.Debug|x86.ActiveCfg = Debug|x64
		{19C97FE8-BEA5-43BA-B27A-E0D46EDFC3E4}.Debug|x86.Build.0 = Debug|x64
		{19C97FE8-BEA5-43BA-B27A-E0D46EDFC3E4}.Release|x64.ActiveCfg = Release|x64
		{19C97FE8-BEA5-43BA-B27A-E0D46EDFC3E4}.Release|x64.Build.0 = Release|x64
		{19C97FE8-BEA5-43BA-B27A-E0D46EDFC3E4}.Release|x86.ActiveCfg = Release|Win32
		{19C97FE8-BEA5-43BA-B27A-E0D46EDFC3E4}.Release|x86.Build.0 = Release|Win32
		{1868C89A-599E-4B2D-B237-FAB0CDF03884}.Debug|x64.ActiveCfg = Debug|x64
		{1868C89A-599E-4B2D-B237-FAB0CDF03884}.Debug|x64.Build.0 = Debug|x64
		{1868C89A-599E-4B2D-B237-FAB0CDF03884}.Debug|x86.ActiveCfg = Debug|x64
		{1868C89A-599E-4B2D-B237-FAB0CDF03884}.Debug|x86.Build.0 = Debug|x64
		{1868C89A-599E-4B2D-B237-FAB0CDF03884}.Release|x64.ActiveCfg = Release|x64
		{1868C89A-599E-4B2D-B237-FAB0CDF03884}.Release|x64.Build.0 = Release|x64
		{1868C89A-599E-4B2D-B237-FAB0CDF03884}.Release|x86.ActiveCfg = Release|Win32
		{1868C89A-599E-4B2D-B237-FAB0CDF03884}.Release|x86.Build.0 = Release|Win32
		{5C040A63-01D1-404E-AD52-5737ECCF458C}.Debug|x64.ActiveCfg = Debug|x64
		{5C040A63-01D1-404E-AD52-5737ECCF458C}.Debug|x64.Build.0 = Debug|x64
		{5C040A63-01D1-404E-AD52-5737ECCF458C}.Debug|x86.ActiveCfg = Debug|x64
		{5C040A63-01D1-404E-AD52-5737ECCF458C}.Debug|x86.Build.0 = Debug|x64
		{5C040A63-01D1-404E-AD52-5737ECCF458C}.Release|x64.ActiveCfg = Release|x64
		{5C040A63-01D1-404E-AD52-5737ECCF458C}.Release|x64.Build.0 = Release|x64
		{5C040A63-01D1-404E-AD52-5737ECCF458C}.Release|x86.ActiveCfg = Release|Win32
		{5C040A63-01D1-404E-AD52-5737ECCF458C}.Release|x86.Build.0 = Release|Win32
		{FF650E9B-3F52-4D69-8A1D-7355633FDBE4}.Debug|x64.ActiveCfg = Debug|x64
		{FF650E9B-3F52-4D69-8A1D-7355633FDBE4}.Debug|x64.Build.0 = Debug|x64
		{FF650E9B-3F52-4D69-8A1D-7355633FDBE4}.Debug|x86.ActiveCfg = Debug|x64
		{FF650E9B-3F52-4D69-8A1D-7355633FDBE4}.Debug|x86.Build.0 = Debug|x64
		{FF650E9B-3F52-4D69-8A1D-7355633FDBE4}.Release|x64.ActiveCfg = Release|x64
		{FF650E9B-3F52-4D69-8A1D-7355633FDBE4}.Release|x64.Build.0 = Release|x64
		{FF650E9B-3F52-4D69-8A1D-7355633FDBE4}.Release|x86.ActiveCfg = Release|Win32
		{FF650E9B-3F52-4D69-8A1D-7355633FDBE4}.Release|x86.Build.0 = Release|Win32
		{C8F12BDE-BCD0-4901-A710-20B96E0F45B2}.Debug|x64.ActiveCfg = Debug|x64
		{C8F12BDE-BCD0-4901-A710-20B96E0F45B2}.Debug|x64.Build.0 = Debug|x64
		{C8F12BDE-BCD0-4901-A710-20B96E0F45B2}.Debug|x86.ActiveCfg = Debug|x64
		{C8F12BDE-BCD0-4901-A710-20B96E0F45B2}.Debug|x86.Build.0 = Debug|x64
		{C8F12BDE-BCD0-4901-A710-20B96E0F45B2}.Release|x64.ActiveCfg = Release|x64
		{C8F12BDE-BCD0-4901-A710-20B96E0F45B2}.Release|x64.Build.0 = Release|x64
		{C8F12BDE-BCD0-4901-A710-20B96E0F45B2}.Release|x86.ActiveCfg = Release|Win32
		{C8F12BDE-BCD0-4901-A710-20B96E0F45B2}.Release|x86.Build.0 = Release|Win32
		{CC8BBF06-9647-46AD-B15A-93425E5CE5ED}.Debug|x64.ActiveCfg = Debug|x64
		{CC8BBF06-9647-46AD-B15A-93425E5CE5ED}.Debug|x64.Build.0 = Debug|x64
		{CC8BBF06-9647-46AD-B15A-93425E5CE5ED}.Debug|x86.ActiveCfg = Debug|x64
		{CC8BBF06-9647-46AD-B15A-93425E5CE5ED}.Debug|x86.Build.0 = Debug|x64
		{CC8BBF06-9647-46AD-B15A-93425E5CE5ED}.Release|x64.ActiveCfg = Release|x64
		{CC8BBF06-9647-46AD-B15A-93425E5CE5ED}.Release|x64.Build.0 = Release|x64
		{CC8BBF06-9647-46AD-B15A-93425E5CE5ED}.Release|x86.ActiveCfg = Release|Win32
		{CC8BBF06-9647-46AD-B15A-93425E5CE5ED}.Release|x86.Build.0 = Release|Win32
		{8181927B-913E-4660-B393-3A3C80772761}.Debug|x64.ActiveCfg = Debug|Win32
		{8181927B-913E-4660-B393-3A3C80772761}.Debug|x64.Build.0 = Debug|Win32
		{8181927B-913E-4660-B393-3A3C80772761}.Debug|x64.Deploy.0 = Debug|Win32
		{8181927B-913E-4660-B393-3A3C80772761}.Debug|x86.ActiveCfg = Debug|x64
		{8181927B-913E-4660-B393-3A3C80772761}.Debug|x86.Build.0 = Debug|x64
		{8181927B-913E-4660-B393-3A3C80772761}.Debug|x86.Deploy.0 = Debug|x64
		{8181927B-913E-4660-B393-3A3C80772761}.Release|x64.ActiveCfg = Release|x64
		{8181927B-913E-4660-B393-3A3C80772761}.Release|x64.Build.0 = Release|x64
		{8181927B-913E-4660-B393-3A3C80772761}.Release|x64.Deploy.0 = Release|x64
		{8181927B-913E-4660-B393-3A3C80772761}.Release|x86.ActiveCfg = Release|Win32
		{8181927B-913E-4660-B393-3A3C80772761}.Release|x86.Build.0 = Release|Win32
		{8181927B-913E-4660-B393-3A3C80772761}.Release|x86.Deploy.0 = Release|Win32
		{8ED1A076-0139-4E27-AD59-E53B8D5D924C}.Debug|x64.ActiveCfg = Debug|x64
		{8ED1A076-0139-4E27-AD59-E53B8D5D924C}.Debug|x64.Build.0 = Debug|x64
		{8ED1A076-0139-4E27-AD59-E53B8D5D924C}.Debug|x86.ActiveCfg = Debug|Win32
		{8ED1A076-0139-4E27-AD59-E53B8D5D924C}.Debug|x86.Build.0 = Debug|Win32
		{8ED1A076-0139-4E27-AD59-E53B8D5D924C}.Release|x64.ActiveCfg = Release|x64
		{8ED1A076-0139-4E27-AD59-E53B8D5D924C}.Release|x64.Build.0 = Release|x64
		{8ED1A076-0139-4E27-AD59-E53B8D5D924C}.Release|x86.ActiveCfg = Release|Win32
		{8ED1A076-0139-4E27-AD59-E53B8D5D924C}.Release|x86.Build.0 = Release|Win32
	EndGlobalSection
	GlobalSection(SolutionProperties) = preSolution
		HideSolutionNode = FALSE
	EndGlobalSection
	GlobalSection(ExtensibilityGlobals) = postSolution
		SolutionGuid = {78736627-D801-466B-9BA1-53E5C9EB8CA1}
	EndGlobalSection
EndGlobal
