
Microsoft Visual Studio Solution File, Format Version 12.00
# Visual Studio 15
VisualStudioVersion = 15.0.26730.12
MinimumVisualStudioVersion = 10.0.40219.1
Project("{8BC9CEB8-8B4A-11D0-8D11-00A0C91BC942}") = "ex1", "ex1\ex1.vcxproj", "{1E756C32-3C9E-414B-9752-D12B3C13ECDF}"
EndProject
Project("{8BC9CEB8-8B4A-11D0-8D11-00A0C91BC942}") = "ex2", "ex2\ex2.vcxproj", "{5E344D1D-6336-4C52-9D84-0D26117C805D}"
EndProject
Project("{8BC9CEB8-8B4A-11D0-8D11-00A0C91BC942}") = "ex3", "ex3\ex3.vcxproj", "{F9A88BFE-D0D6-45F3-A88E-D02BDDFCB7C1}"
EndProject
Project("{8BC9CEB8-8B4A-11D0-8D11-00A0C91BC942}") = "ex4", "ex4\ex4.vcxproj", "{C7D4A635-7F4E-48AD-998C-DEFB15CD91B6}"
EndProject
Project("{8BC9CEB8-8B4A-11D0-8D11-00A0C91BC942}") = "ex5", "ex5\ex5.vcxproj", "{ECF8B9FD-0F9A-46DE-9409-0D0962AF8725}"
EndProject
Project("{8BC9CEB8-8B4A-11D0-8D11-00A0C91BC942}") = "ex6", "ex6\ex6.vcxproj", "{43C28A6C-2C90-4894-A73B-CD8F4522AA72}"
EndProject
Project("{8BC9CEB8-8B4A-11D0-8D11-00A0C91BC942}") = "ex7", "ex7\ex7.vcxproj", "{EAA629DF-22B5-456D-B50E-2FC65A074558}"
EndProject
Project("{8BC9CEB8-8B4A-11D0-8D11-00A0C91BC942}") = "ex8", "ex8\ex8.vcxproj", "{88F96289-41E9-4583-AC7D-42C020D03DBF}"
EndProject
Project("{8BC9CEB8-8B4A-11D0-8D11-00A0C91BC942}") = "ex9", "ex9\ex9.vcxproj", "{3745C42E-7955-4DD5-B586-ED9CCCDBDCD5}"
EndProject
Project("{8BC9CEB8-8B4A-11D0-8D11-00A0C91BC942}") = "ex10", "ex10\ex10.vcxproj", "{09A230F0-19D0-4082-9239-AD00C0E02769}"
EndProject
Global
	GlobalSection(SolutionConfigurationPlatforms) = preSolution
		Debug|x64 = Debug|x64
		Debug|x86 = Debug|x86
		Release|x64 = Release|x64
		Release|x86 = Release|x86
	EndGlobalSection
	GlobalSection(ProjectConfigurationPlatforms) = postSolution
		{1E756C32-3C9E-414B-9752-D12B3C13ECDF}.Debug|x64.ActiveCfg = Debug|x64
		{1E756C32-3C9E-414B-9752-D12B3C13ECDF}.Debug|x64.Build.0 = Debug|x64
		{1E756C32-3C9E-414B-9752-D12B3C13ECDF}.Debug|x86.ActiveCfg = Debug|Win32
		{1E756C32-3C9E-414B-9752-D12B3C13ECDF}.Debug|x86.Build.0 = Debug|Win32
		{1E756C32-3C9E-414B-9752-D12B3C13ECDF}.Release|x64.ActiveCfg = Release|x64
		{1E756C32-3C9E-414B-9752-D12B3C13ECDF}.Release|x64.Build.0 = Release|x64
		{1E756C32-3C9E-414B-9752-D12B3C13ECDF}.Release|x86.ActiveCfg = Release|Win32
		{1E756C32-3C9E-414B-9752-D12B3C13ECDF}.Release|x86.Build.0 = Release|Win32
		{5E344D1D-6336-4C52-9D84-0D26117C805D}.Debug|x64.ActiveCfg = Debug|x64
		{5E344D1D-6336-4C52-9D84-0D26117C805D}.Debug|x64.Build.0 = Debug|x64
		{5E344D1D-6336-4C52-9D84-0D26117C805D}.Debug|x86.ActiveCfg = Debug|Win32
		{5E344D1D-6336-4C52-9D84-0D26117C805D}.Debug|x86.Build.0 = Debug|Win32
		{5E344D1D-6336-4C52-9D84-0D26117C805D}.Release|x64.ActiveCfg = Release|x64
		{5E344D1D-6336-4C52-9D84-0D26117C805D}.Release|x64.Build.0 = Release|x64
		{5E344D1D-6336-4C52-9D84-0D26117C805D}.Release|x86.ActiveCfg = Release|Win32
		{5E344D1D-6336-4C52-9D84-0D26117C805D}.Release|x86.Build.0 = Release|Win32
		{F9A88BFE-D0D6-45F3-A88E-D02BDDFCB7C1}.Debug|x64.ActiveCfg = Debug|x64
		{F9A88BFE-D0D6-45F3-A88E-D02BDDFCB7C1}.Debug|x64.Build.0 = Debug|x64
		{F9A88BFE-D0D6-45F3-A88E-D02BDDFCB7C1}.Debug|x86.ActiveCfg = Debug|Win32
		{F9A88BFE-D0D6-45F3-A88E-D02BDDFCB7C1}.Debug|x86.Build.0 = Debug|Win32
		{F9A88BFE-D0D6-45F3-A88E-D02BDDFCB7C1}.Release|x64.ActiveCfg = Release|x64
		{F9A88BFE-D0D6-45F3-A88E-D02BDDFCB7C1}.Release|x64.Build.0 = Release|x64
		{F9A88BFE-D0D6-45F3-A88E-D02BDDFCB7C1}.Release|x86.ActiveCfg = Release|Win32
		{F9A88BFE-D0D6-45F3-A88E-D02BDDFCB7C1}.Release|x86.Build.0 = Release|Win32
		{C7D4A635-7F4E-48AD-998C-DEFB15CD91B6}.Debug|x64.ActiveCfg = Debug|x64
		{C7D4A635-7F4E-48AD-998C-DEFB15CD91B6}.Debug|x64.Build.0 = Debug|x64
		{C7D4A635-7F4E-48AD-998C-DEFB15CD91B6}.Debug|x86.ActiveCfg = Debug|Win32
		{C7D4A635-7F4E-48AD-998C-DEFB15CD91B6}.Debug|x86.Build.0 = Debug|Win32
		{C7D4A635-7F4E-48AD-998C-DEFB15CD91B6}.Release|x64.ActiveCfg = Release|x64
		{C7D4A635-7F4E-48AD-998C-DEFB15CD91B6}.Release|x64.Build.0 = Release|x64
		{C7D4A635-7F4E-48AD-998C-DEFB15CD91B6}.Release|x86.ActiveCfg = Release|Win32
		{C7D4A635-7F4E-48AD-998C-DEFB15CD91B6}.Release|x86.Build.0 = Release|Win32
		{ECF8B9FD-0F9A-46DE-9409-0D0962AF8725}.Debug|x64.ActiveCfg = Debug|x64
		{ECF8B9FD-0F9A-46DE-9409-0D0962AF8725}.Debug|x64.Build.0 = Debug|x64
		{ECF8B9FD-0F9A-46DE-9409-0D0962AF8725}.Debug|x86.ActiveCfg = Debug|Win32
		{ECF8B9FD-0F9A-46DE-9409-0D0962AF8725}.Debug|x86.Build.0 = Debug|Win32
		{ECF8B9FD-0F9A-46DE-9409-0D0962AF8725}.Release|x64.ActiveCfg = Release|x64
		{ECF8B9FD-0F9A-46DE-9409-0D0962AF8725}.Release|x64.Build.0 = Release|x64
		{ECF8B9FD-0F9A-46DE-9409-0D0962AF8725}.Release|x86.ActiveCfg = Release|Win32
		{ECF8B9FD-0F9A-46DE-9409-0D0962AF8725}.Release|x86.Build.0 = Release|Win32
		{43C28A6C-2C90-4894-A73B-CD8F4522AA72}.Debug|x64.ActiveCfg = Debug|x64
		{43C28A6C-2C90-4894-A73B-CD8F4522AA72}.Debug|x64.Build.0 = Debug|x64
		{43C28A6C-2C90-4894-A73B-CD8F4522AA72}.Debug|x86.ActiveCfg = Debug|Win32
		{43C28A6C-2C90-4894-A73B-CD8F4522AA72}.Debug|x86.Build.0 = Debug|Win32
		{43C28A6C-2C90-4894-A73B-CD8F4522AA72}.Release|x64.ActiveCfg = Release|x64
		{43C28A6C-2C90-4894-A73B-CD8F4522AA72}.Release|x64.Build.0 = Release|x64
		{43C28A6C-2C90-4894-A73B-CD8F4522AA72}.Release|x86.ActiveCfg = Release|Win32
		{43C28A6C-2C90-4894-A73B-CD8F4522AA72}.Release|x86.Build.0 = Release|Win32
		{EAA629DF-22B5-456D-B50E-2FC65A074558}.Debug|x64.ActiveCfg = Debug|x64
		{EAA629DF-22B5-456D-B50E-2FC65A074558}.Debug|x64.Build.0 = Debug|x64
		{EAA629DF-22B5-456D-B50E-2FC65A074558}.Debug|x86.ActiveCfg = Debug|Win32
		{EAA629DF-22B5-456D-B50E-2FC65A074558}.Debug|x86.Build.0 = Debug|Win32
		{EAA629DF-22B5-456D-B50E-2FC65A074558}.Release|x64.ActiveCfg = Release|x64
		{EAA629DF-22B5-456D-B50E-2FC65A074558}.Release|x64.Build.0 = Release|x64
		{EAA629DF-22B5-456D-B50E-2FC65A074558}.Release|x86.ActiveCfg = Release|Win32
		{EAA629DF-22B5-456D-B50E-2FC65A074558}.Release|x86.Build.0 = Release|Win32
		{88F96289-41E9-4583-AC7D-42C020D03DBF}.Debug|x64.ActiveCfg = Debug|x64
		{88F96289-41E9-4583-AC7D-42C020D03DBF}.Debug|x64.Build.0 = Debug|x64
		{88F96289-41E9-4583-AC7D-42C020D03DBF}.Debug|x86.ActiveCfg = Debug|Win32
		{88F96289-41E9-4583-AC7D-42C020D03DBF}.Debug|x86.Build.0 = Debug|Win32
		{88F96289-41E9-4583-AC7D-42C020D03DBF}.Release|x64.ActiveCfg = Release|x64
		{88F96289-41E9-4583-AC7D-42C020D03DBF}.Release|x64.Build.0 = Release|x64
		{88F96289-41E9-4583-AC7D-42C020D03DBF}.Release|x86.ActiveCfg = Release|Win32
		{88F96289-41E9-4583-AC7D-42C020D03DBF}.Release|x86.Build.0 = Release|Win32
		{3745C42E-7955-4DD5-B586-ED9CCCDBDCD5}.Debug|x64.ActiveCfg = Debug|x64
		{3745C42E-7955-4DD5-B586-ED9CCCDBDCD5}.Debug|x64.Build.0 = Debug|x64
		{3745C42E-7955-4DD5-B586-ED9CCCDBDCD5}.Debug|x86.ActiveCfg = Debug|Win32
		{3745C42E-7955-4DD5-B586-ED9CCCDBDCD5}.Debug|x86.Build.0 = Debug|Win32
		{3745C42E-7955-4DD5-B586-ED9CCCDBDCD5}.Release|x64.ActiveCfg = Release|x64
		{3745C42E-7955-4DD5-B586-ED9CCCDBDCD5}.Release|x64.Build.0 = Release|x64
		{3745C42E-7955-4DD5-B586-ED9CCCDBDCD5}.Release|x86.ActiveCfg = Release|Win32
		{3745C42E-7955-4DD5-B586-ED9CCCDBDCD5}.Release|x86.Build.0 = Release|Win32
		{09A230F0-19D0-4082-9239-AD00C0E02769}.Debug|x64.ActiveCfg = Debug|x64
		{09A230F0-19D0-4082-9239-AD00C0E02769}.Debug|x64.Build.0 = Debug|x64
		{09A230F0-19D0-4082-9239-AD00C0E02769}.Debug|x86.ActiveCfg = Debug|Win32
		{09A230F0-19D0-4082-9239-AD00C0E02769}.Debug|x86.Build.0 = Debug|Win32
		{09A230F0-19D0-4082-9239-AD00C0E02769}.Release|x64.ActiveCfg = Release|x64
		{09A230F0-19D0-4082-9239-AD00C0E02769}.Release|x64.Build.0 = Release|x64
		{09A230F0-19D0-4082-9239-AD00C0E02769}.Release|x86.ActiveCfg = Release|Win32
		{09A230F0-19D0-4082-9239-AD00C0E02769}.Release|x86.Build.0 = Release|Win32
	EndGlobalSection
	GlobalSection(SolutionProperties) = preSolution
		HideSolutionNode = FALSE
	EndGlobalSection
	GlobalSection(ExtensibilityGlobals) = postSolution
		SolutionGuid = {79C9ECC3-D159-4559-993E-3491CF937FC1}
	EndGlobalSection
EndGlobal
